
Microsoft Visual Studio Solution File, Format Version 12.00
# Visual Studio Version 17
VisualStudioVersion = 17.14.37111.16
MinimumVisualStudioVersion = 10.0.40219.1
Project("{FAE04EC0-301F-11D3-BF4B-00C04F79EFBC}") = "StudentViolationWeb", "StudentViolationWeb\StudentViolationWeb.csproj", "{D5B083F5-52ED-4F8D-8FC4-6FBC6D42D2C1}"
EndProject
Global
	GlobalSection(SolutionConfigurationPlatforms) = preSolution
		Debug|Any CPU = Debug|Any CPU
		Release|Any CPU = Release|Any CPU
	EndGlobalSection
	GlobalSection(ProjectConfigurationPlatforms) = postSolution
		{D5B083F5-52ED-4F8D-8FC4-6FBC6D42D2C1}.Debug|Any CPU.ActiveCfg = Debug|Any CPU
		{D5B083F5-52ED-4F8D-8FC4-6FBC6D42D2C1}.Debug|Any CPU.Build.0 = Debug|Any CPU
		{D5B083F5-52ED-4F8D-8FC4-6FBC6D42D2C1}.Release|Any CPU.ActiveCfg = Release|Any CPU
		{D5B083F5-52ED-4F8D-8FC4-6FBC6D42D2C1}.Release|Any CPU.Build.0 = Release|Any CPU
	EndGlobalSection
	GlobalSection(SolutionProperties) = preSolution
		HideSolutionNode = FALSE
	EndGlobalSection
	GlobalSection(ExtensibilityGlobals) = postSolution
		SolutionGuid = {EB646F31-ACEC-42A3-838E-A5395C4671E1}
	EndGlobalSection
EndGlobal
